
Microsoft Visual Studio Solution File, Format Version 12.00
# Visual Studio Version 17
VisualStudioVersion = 17.2.32630.192
MinimumVisualStudioVersion = 10.0.40219.1
Project("{FAE04EC0-301F-11D3-BF4B-00C04F79EFBC}") = "QLHT", "QLHT\QLHT.csproj", "{E78C6D63-C5BE-4D5F-9EED-9360D8DFE7B3}"
EndProject
Global
	GlobalSection(SolutionConfigurationPlatforms) = preSolution
		Debug|Any CPU = Debug|Any CPU
		Release|Any CPU = Release|Any CPU
	EndGlobalSection
	GlobalSection(ProjectConfigurationPlatforms) = postSolution
		{E78C6D63-C5BE-4D5F-9EED-9360D8DFE7B3}.Debug|Any CPU.ActiveCfg = Debug|Any CPU
		{E78C6D63-C5BE-4D5F-9EED-9360D8DFE7B3}.Debug|Any CPU.Build.0 = Debug|Any CPU
		{E78C6D63-C5BE-4D5F-9EED-9360D8DFE7B3}.Release|Any CPU.ActiveCfg = Release|Any CPU
		{E78C6D63-C5BE-4D5F-9EED-9360D8DFE7B3}.Release|Any CPU.Build.0 = Release|Any CPU
	EndGlobalSection
	GlobalSection(SolutionProperties) = preSolution
		HideSolutionNode = FALSE
	EndGlobalSection
	GlobalSection(ExtensibilityGlobals) = postSolution
		SolutionGuid = {A14DFBED-BAE6-4BC2-AFC1-FDEC55F967D5}
	EndGlobalSection
EndGlobal
